
Microsoft Visual Studio Solution File, Format Version 12.00
# Visual Studio Version 17
VisualStudioVersion = 17.4.33205.214
MinimumVisualStudioVersion = 10.0.40219.1
Project("{9A19103F-16F7-4668-BE54-9A1E7A4F7556}") = "Catalog.API", "Catalog.API\Catalog.API.csproj", "{0F9C2B57-CAA7-4474-9D08-DA06B9B6C859}"
EndProject
Project("{2150E333-8FDC-42A3-9474-1A3956D46DE8}") = "src", "src", "{1F8EBAE1-D64C-474E-8E82-C29BE0B5C434}"
EndProject
Project("{2150E333-8FDC-42A3-9474-1A3956D46DE8}") = "Services", "Services", "{EF60588C-A86B-4517-BBCB-A0B378685ABC}"
EndProject
Project("{2150E333-8FDC-42A3-9474-1A3956D46DE8}") = "Catalog", "Catalog", "{52E31020-F4DE-47F9-B12A-703AEA1CB11B}"
EndProject
Project("{2150E333-8FDC-42A3-9474-1A3956D46DE8}") = "Basket", "Basket", "{EA735D7A-DD1A-4B50-92CC-1706E90CA1BA}"
EndProject
Project("{9A19103F-16F7-4668-BE54-9A1E7A4F7556}") = "Basket.API", "Basket.API\Basket.API.csproj", "{77D38B21-E51A-42E9-924C-FA9974265E62}"
EndProject
Project("{E53339B2-1760-4266-BCC7-CA923CBCF16C}") = "docker-compose", "docker-compose.dcproj", "{F92A3465-5AD4-4A03-B169-D58EC7214510}"
EndProject
Project("{2150E333-8FDC-42A3-9474-1A3956D46DE8}") = "Discount", "Discount", "{46F30146-7A76-48B1-84E2-1EC337EBF281}"
EndProject
Project("{9A19103F-16F7-4668-BE54-9A1E7A4F7556}") = "Discount.API", "Discount.API\Discount.API.csproj", "{0AEACB49-CCA1-4A99-9853-40D64984B693}"
EndProject
Project("{9A19103F-16F7-4668-BE54-9A1E7A4F7556}") = "Discount.Grpc", "Discount.Grpc\Discount.Grpc.csproj", "{7A1EAAB2-9EEE-4654-8CC3-E954A79E6462}"
EndProject
Project("{2150E333-8FDC-42A3-9474-1A3956D46DE8}") = "Ordering", "Ordering", "{3A3A34D6-55BF-4CF5-985E-83CB06944F2C}"
EndProject
Project("{9A19103F-16F7-4668-BE54-9A1E7A4F7556}") = "Ordering.API", "Ordering.API\Ordering.API.csproj", "{A184ADFE-AC2C-4E9C-A860-6ACD3D7773AD}"
EndProject
Project("{9A19103F-16F7-4668-BE54-9A1E7A4F7556}") = "Ordering.Domain", "Ordering.Domain\Ordering.Domain.csproj", "{64CFBB0E-AB47-4264-A99D-FDD6472A1B43}"
EndProject
Project("{9A19103F-16F7-4668-BE54-9A1E7A4F7556}") = "Ordering.Application", "Ordering.Application\Ordering.Application.csproj", "{C1A99FDA-024A-4D8E-8DD0-D5DFE64678C9}"
EndProject
Project("{9A19103F-16F7-4668-BE54-9A1E7A4F7556}") = "Ordering.Infrastructure", "Ordering.Infrastructure\Ordering.Infrastructure.csproj", "{6F0DA990-C744-462C-83E4-6A5361EA450E}"
EndProject
Global
	GlobalSection(SolutionConfigurationPlatforms) = preSolution
		Debug|Any CPU = Debug|Any CPU
		Release|Any CPU = Release|Any CPU
	EndGlobalSection
	GlobalSection(ProjectConfigurationPlatforms) = postSolution
		{0F9C2B57-CAA7-4474-9D08-DA06B9B6C859}.Debug|Any CPU.ActiveCfg = Debug|Any CPU
		{0F9C2B57-CAA7-4474-9D08-DA06B9B6C859}.Debug|Any CPU.Build.0 = Debug|Any CPU
		{0F9C2B57-CAA7-4474-9D08-DA06B9B6C859}.Release|Any CPU.ActiveCfg = Release|Any CPU
		{0F9C2B57-CAA7-4474-9D08-DA06B9B6C859}.Release|Any CPU.Build.0 = Release|Any CPU
		{77D38B21-E51A-42E9-924C-FA9974265E62}.Debug|Any CPU.ActiveCfg = Debug|Any CPU
		{77D38B21-E51A-42E9-924C-FA9974265E62}.Debug|Any CPU.Build.0 = Debug|Any CPU
		{77D38B21-E51A-42E9-924C-FA9974265E62}.Release|Any CPU.ActiveCfg = Release|Any CPU
		{77D38B21-E51A-42E9-924C-FA9974265E62}.Release|Any CPU.Build.0 = Release|Any CPU
		{F92A3465-5AD4-4A03-B169-D58EC7214510}.Debug|Any CPU.ActiveCfg = Debug|Any CPU
		{F92A3465-5AD4-4A03-B169-D58EC7214510}.Debug|Any CPU.Build.0 = Debug|Any CPU
		{F92A3465-5AD4-4A03-B169-D58EC7214510}.Release|Any CPU.ActiveCfg = Release|Any CPU
		{F92A3465-5AD4-4A03-B169-D58EC7214510}.Release|Any CPU.Build.0 = Release|Any CPU
		{0AEACB49-CCA1-4A99-9853-40D64984B693}.Debug|Any CPU.ActiveCfg = Debug|Any CPU
		{0AEACB49-CCA1-4A99-9853-40D64984B693}.Debug|Any CPU.Build.0 = Debug|Any CPU
		{0AEACB49-CCA1-4A99-9853-40D64984B693}.Release|Any CPU.ActiveCfg = Release|Any CPU
		{0AEACB49-CCA1-4A99-9853-40D64984B693}.Release|Any CPU.Build.0 = Release|Any CPU
		{7A1EAAB2-9EEE-4654-8CC3-E954A79E6462}.Debug|Any CPU.ActiveCfg = Debug|Any CPU
		{7A1EAAB2-9EEE-4654-8CC3-E954A79E6462}.Debug|Any CPU.Build.0 = Debug|Any CPU
		{7A1EAAB2-9EEE-4654-8CC3-E954A79E6462}.Release|Any CPU.ActiveCfg = Release|Any CPU
		{7A1EAAB2-9EEE-4654-8CC3-E954A79E6462}.Release|Any CPU.Build.0 = Release|Any CPU
		{A184ADFE-AC2C-4E9C-A860-6ACD3D7773AD}.Debug|Any CPU.ActiveCfg = Debug|Any CPU
		{A184ADFE-AC2C-4E9C-A860-6ACD3D7773AD}.Debug|Any CPU.Build.0 = Debug|Any CPU
		{A184ADFE-AC2C-4E9C-A860-6ACD3D7773AD}.Release|Any CPU.ActiveCfg = Release|Any CPU
		{A184ADFE-AC2C-4E9C-A860-6ACD3D7773AD}.Release|Any CPU.Build.0 = Release|Any CPU
		{64CFBB0E-AB47-4264-A99D-FDD6472A1B43}.Debug|Any CPU.ActiveCfg = Debug|Any CPU
		{64CFBB0E-AB47-4264-A99D-FDD6472A1B43}.Debug|Any CPU.Build.0 = Debug|Any CPU
		{64CFBB0E-AB47-4264-A99D-FDD6472A1B43}.Release|Any CPU.ActiveCfg = Release|Any CPU
		{64CFBB0E-AB47-4264-A99D-FDD6472A1B43}.Release|Any CPU.Build.0 = Release|Any CPU
		{C1A99FDA-024A-4D8E-8DD0-D5DFE64678C9}.Debug|Any CPU.ActiveCfg = Debug|Any CPU
		{C1A99FDA-024A-4D8E-8DD0-D5DFE64678C9}.Debug|Any CPU.Build.0 = Debug|Any CPU
		{C1A99FDA-024A-4D8E-8DD0-D5DFE64678C9}.Release|Any CPU.ActiveCfg = Release|Any CPU
		{C1A99FDA-024A-4D8E-8DD0-D5DFE64678C9}.Release|Any CPU.Build.0 = Release|Any CPU
		{6F0DA990-C744-462C-83E4-6A5361EA450E}.Debug|Any CPU.ActiveCfg = Debug|Any CPU
		{6F0DA990-C744-462C-83E4-6A5361EA450E}.Debug|Any CPU.Build.0 = Debug|Any CPU
		{6F0DA990-C744-462C-83E4-6A5361EA450E}.Release|Any CPU.ActiveCfg = Release|Any CPU
		{6F0DA990-C744-462C-83E4-6A5361EA450E}.Release|Any CPU.Build.0 = Release|Any CPU
	EndGlobalSection
	GlobalSection(SolutionProperties) = preSolution
		HideSolutionNode = FALSE
	EndGlobalSection
	GlobalSection(NestedProjects) = preSolution
		{0F9C2B57-CAA7-4474-9D08-DA06B9B6C859} = {52E31020-F4DE-47F9-B12A-703AEA1CB11B}
		{EF60588C-A86B-4517-BBCB-A0B378685ABC} = {1F8EBAE1-D64C-474E-8E82-C29BE0B5C434}
		{52E31020-F4DE-47F9-B12A-703AEA1CB11B} = {EF60588C-A86B-4517-BBCB-A0B378685ABC}
		{EA735D7A-DD1A-4B50-92CC-1706E90CA1BA} = {EF60588C-A86B-4517-BBCB-A0B378685ABC}
		{77D38B21-E51A-42E9-924C-FA9974265E62} = {EA735D7A-DD1A-4B50-92CC-1706E90CA1BA}
		{46F30146-7A76-48B1-84E2-1EC337EBF281} = {EF60588C-A86B-4517-BBCB-A0B378685ABC}
		{0AEACB49-CCA1-4A99-9853-40D64984B693} = {46F30146-7A76-48B1-84E2-1EC337EBF281}
		{7A1EAAB2-9EEE-4654-8CC3-E954A79E6462} = {46F30146-7A76-48B1-84E2-1EC337EBF281}
		{3A3A34D6-55BF-4CF5-985E-83CB06944F2C} = {EF60588C-A86B-4517-BBCB-A0B378685ABC}
		{A184ADFE-AC2C-4E9C-A860-6ACD3D7773AD} = {3A3A34D6-55BF-4CF5-985E-83CB06944F2C}
		{64CFBB0E-AB47-4264-A99D-FDD6472A1B43} = {3A3A34D6-55BF-4CF5-985E-83CB06944F2C}
		{C1A99FDA-024A-4D8E-8DD0-D5DFE64678C9} = {3A3A34D6-55BF-4CF5-985E-83CB06944F2C}
		{6F0DA990-C744-462C-83E4-6A5361EA450E} = {3A3A34D6-55BF-4CF5-985E-83CB06944F2C}
	EndGlobalSection
	GlobalSection(ExtensibilityGlobals) = postSolution
		SolutionGuid = {830C0879-54B8-4823-BC9A-F257BA22E8C0}
	EndGlobalSection
EndGlobal
